
Microsoft Visual Studio Solution File, Format Version 12.00
# Visual Studio Version 16
VisualStudioVersion = 16.0.30104.148
MinimumVisualStudioVersion = 10.0.40219.1
Project("{FAE04EC0-301F-11D3-BF4B-00C04F79EFBC}") = "WindowsApp", "WindowsApp\WindowsApp.csproj", "{1C3A1F19-5747-4298-9791-59C4EC038AB0}"
EndProject
Global
	GlobalSection(SolutionConfigurationPlatforms) = preSolution
		Debug|Any CPU = Debug|Any CPU
		Release|Any CPU = Release|Any CPU
	EndGlobalSection
	GlobalSection(ProjectConfigurationPlatforms) = postSolution
		{1C3A1F19-5747-4298-9791-59C4EC038AB0}.Debug|Any CPU.ActiveCfg = Debug|Any CPU
		{1C3A1F19-5747-4298-9791-59C4EC038AB0}.Debug|Any CPU.Build.0 = Debug|Any CPU
		{1C3A1F19-5747-4298-9791-59C4EC038AB0}.Release|Any CPU.ActiveCfg = Release|Any CPU
		{1C3A1F19-5747-4298-9791-59C4EC038AB0}.Release|Any CPU.Build.0 = Release|Any CPU
	EndGlobalSection
	GlobalSection(SolutionProperties) = preSolution
		HideSolutionNode = FALSE
	EndGlobalSection
	GlobalSection(ExtensibilityGlobals) = postSolution
		SolutionGuid = {D5055AC9-B2BE-4D46-B512-41542D2D1D11}
	EndGlobalSection
EndGlobal
