
Microsoft Visual Studio Solution File, Format Version 12.00
# Visual Studio Version 16
VisualStudioVersion = 16.0.30104.148
MinimumVisualStudioVersion = 10.0.40219.1
Project("{FAE04EC0-301F-11D3-BF4B-00C04F79EFBC}") = "NetStandardApp", "NetStandardApp\NetStandardApp.csproj", "{DFC16BF8-3212-4D96-A457-032DD998A735}"
EndProject
Global
	GlobalSection(SolutionConfigurationPlatforms) = preSolution
		Debug|Any CPU = Debug|Any CPU
		Release|Any CPU = Release|Any CPU
	EndGlobalSection
	GlobalSection(ProjectConfigurationPlatforms) = postSolution
		{DFC16BF8-3212-4D96-A457-032DD998A735}.Debug|Any CPU.ActiveCfg = Debug|Any CPU
		{DFC16BF8-3212-4D96-A457-032DD998A735}.Debug|Any CPU.Build.0 = Debug|Any CPU
		{DFC16BF8-3212-4D96-A457-032DD998A735}.Release|Any CPU.ActiveCfg = Release|Any CPU
		{DFC16BF8-3212-4D96-A457-032DD998A735}.Release|Any CPU.Build.0 = Release|Any CPU
	EndGlobalSection
	GlobalSection(SolutionProperties) = preSolution
		HideSolutionNode = FALSE
	EndGlobalSection
	GlobalSection(ExtensibilityGlobals) = postSolution
		SolutionGuid = {CB390747-C671-4D30-9052-6760617DA589}
	EndGlobalSection
EndGlobal
