
Microsoft Visual Studio Solution File, Format Version 12.00
# Visual Studio Version 16
VisualStudioVersion = 16.0.30104.148
MinimumVisualStudioVersion = 10.0.40219.1
Project("{FAE04EC0-301F-11D3-BF4B-00C04F79EFBC}") = "MultiPlatformApp", "MultiPlatformApp\MultiPlatformApp.csproj", "{0C05B5B2-2B3C-4BDC-8F04-E9D16850C926}"
EndProject
Global
	GlobalSection(SolutionConfigurationPlatforms) = preSolution
		Debug|Any CPU = Debug|Any CPU
		Release|Any CPU = Release|Any CPU
	EndGlobalSection
	GlobalSection(ProjectConfigurationPlatforms) = postSolution
		{0C05B5B2-2B3C-4BDC-8F04-E9D16850C926}.Debug|Any CPU.ActiveCfg = Debug|Any CPU
		{0C05B5B2-2B3C-4BDC-8F04-E9D16850C926}.Debug|Any CPU.Build.0 = Debug|Any CPU
		{0C05B5B2-2B3C-4BDC-8F04-E9D16850C926}.Release|Any CPU.ActiveCfg = Release|Any CPU
		{0C05B5B2-2B3C-4BDC-8F04-E9D16850C926}.Release|Any CPU.Build.0 = Release|Any CPU
	EndGlobalSection
	GlobalSection(SolutionProperties) = preSolution
		HideSolutionNode = FALSE
	EndGlobalSection
	GlobalSection(ExtensibilityGlobals) = postSolution
		SolutionGuid = {99A5E36E-70A8-4084-8B7D-9D15489EAB87}
	EndGlobalSection
EndGlobal
