
Microsoft Visual Studio Solution File, Format Version 12.00
# Visual Studio Version 16
VisualStudioVersion = 16.0.30104.148
MinimumVisualStudioVersion = 10.0.40219.1
Project("{FAE04EC0-301F-11D3-BF4B-00C04F79EFBC}") = "WebAPINetCode27", "WebAPINetCode27\WebAPINetCode27.csproj", "{D304A2C8-54F9-4A69-9C30-51F76278D234}"
EndProject
Global
	GlobalSection(SolutionConfigurationPlatforms) = preSolution
		Debug|Any CPU = Debug|Any CPU
		Release|Any CPU = Release|Any CPU
	EndGlobalSection
	GlobalSection(ProjectConfigurationPlatforms) = postSolution
		{D304A2C8-54F9-4A69-9C30-51F76278D234}.Debug|Any CPU.ActiveCfg = Debug|Any CPU
		{D304A2C8-54F9-4A69-9C30-51F76278D234}.Debug|Any CPU.Build.0 = Debug|Any CPU
		{D304A2C8-54F9-4A69-9C30-51F76278D234}.Release|Any CPU.ActiveCfg = Release|Any CPU
		{D304A2C8-54F9-4A69-9C30-51F76278D234}.Release|Any CPU.Build.0 = Release|Any CPU
	EndGlobalSection
	GlobalSection(SolutionProperties) = preSolution
		HideSolutionNode = FALSE
	EndGlobalSection
	GlobalSection(ExtensibilityGlobals) = postSolution
		SolutionGuid = {00F1CCC2-19F3-4BA4-AF91-A2BB8856A06E}
	EndGlobalSection
EndGlobal
